
Microsoft Visual Studio Solution File, Format Version 12.00
# Visual Studio Version 17
VisualStudioVersion = 17.13.35913.81 d17.13
MinimumVisualStudioVersion = 10.0.40219.1
Project("{FAE04EC0-301F-11D3-BF4B-00C04F79EFBC}") = "atividade.beecrowd1003", "atividade.beecrowd1003\atividade.beecrowd1003.csproj", "{EE7B42A3-D357-4B41-8706-6E89E4EECAA4}"
EndProject
Global
	GlobalSection(SolutionConfigurationPlatforms) = preSolution
		Debug|Any CPU = Debug|Any CPU
		Release|Any CPU = Release|Any CPU
	EndGlobalSection
	GlobalSection(ProjectConfigurationPlatforms) = postSolution
		{EE7B42A3-D357-4B41-8706-6E89E4EECAA4}.Debug|Any CPU.ActiveCfg = Debug|Any CPU
		{EE7B42A3-D357-4B41-8706-6E89E4EECAA4}.Debug|Any CPU.Build.0 = Debug|Any CPU
		{EE7B42A3-D357-4B41-8706-6E89E4EECAA4}.Release|Any CPU.ActiveCfg = Release|Any CPU
		{EE7B42A3-D357-4B41-8706-6E89E4EECAA4}.Release|Any CPU.Build.0 = Release|Any CPU
	EndGlobalSection
	GlobalSection(SolutionProperties) = preSolution
		HideSolutionNode = FALSE
	EndGlobalSection
	GlobalSection(ExtensibilityGlobals) = postSolution
		SolutionGuid = {F44F3DC6-D29C-437D-85F4-76A165B8A43F}
	EndGlobalSection
EndGlobal
